// !$*UTF8*$!
{
	archiveVersion = 1;
	classes = {
	};
	objectVersion = 77;
	objects = {

/* Begin PBXBuildFile section */
		00173807359015CF2D339D91 /* CLIPTokenizer.swift in Sources */ = {isa = PBXBuildFile; fileRef = EE07F701F1AC0699583CB401 /* CLIPTokenizer.swift */; };
		1C7341F78F23C6DEC5307AF8 /* SAM3ConceptService.swift in Sources */ = {isa = PBXBuildFile; fileRef = B92008C2CDCC6AAE8C526CE8 /* SAM3ConceptService.swift */; };
		22C638EF089770F08DA09D8C /* EmbeddingMigrationService.swift in Sources */ = {isa = PBXBuildFile; fileRef = 4A06C6DF89F0F5B093E8F8FC /* EmbeddingMigrationService.swift */; };
		2C374CDF9944A8D8926F19B6 /* clip_vocab.json in Resources */ = {isa = PBXBuildFile; fileRef = F648D43794F8E88C16B8EFE2 /* clip_vocab.json */; };
		3BA79C57CAA9AEFDCD2D6A90 /* yolov8n_oiv7.mlpackage in Resources */ = {isa = PBXBuildFile; fileRef = 3BEB7866DF5C3719944EDDAE /* yolov8n_oiv7.mlpackage */; };
		4062AF4C60DDA2579533D29D /* ConceptSearchView.swift in Sources */ = {isa = PBXBuildFile; fileRef = 411FFD3B7077CB515964FC71 /* ConceptSearchView.swift */; };
		51B0BA19D09A60415EFA6AA9 /* mobileclip_s0_text.mlpackage in Resources */ = {isa = PBXBuildFile; fileRef = 2F9DA7FC5EAFC0C58D406FDC /* mobileclip_s0_text.mlpackage */; };
		60754559EF10917667CD3EF3 /* yolo26n.mlpackage in Resources */ = {isa = PBXBuildFile; fileRef = C0D100FFD5BF9028DCEF7CA2 /* yolo26n.mlpackage */; };
		7848126E9D2D1C4641DC699C /* mobileclip2_s0_image.mlpackage in Resources */ = {isa = PBXBuildFile; fileRef = 6CB14C253AFF6198FEA8C2D9 /* mobileclip2_s0_image.mlpackage */; };
		799EE588B394F5906A89ECE4 /* FoundationModelsClusterNamer.swift in Sources */ = {isa = PBXBuildFile; fileRef = 60BD6F3302DB5D10BD7B1FA8 /* FoundationModelsClusterNamer.swift */; };
		955DF5883C0FD4D3B3B9D034 /* AutoLabelService.swift in Sources */ = {isa = PBXBuildFile; fileRef = E417A67E74224E364E5B8608 /* AutoLabelService.swift */; };
		991812EE2E5DC2D200F21CCA /* LabelingQueueView.swift in Sources */ = {isa = PBXBuildFile; fileRef = 991812ED2E5DC2D200F21CCA /* LabelingQueueView.swift */; };
		998269A12E37C28300572E3C /* CoreImage.framework in Frameworks */ = {isa = PBXBuildFile; fileRef = 998269A02E37C28300572E3C /* CoreImage.framework */; };
		998269AB2E37C2C900572E3C /* Vision.framework in Frameworks */ = {isa = PBXBuildFile; fileRef = 998269A92E37C2C900572E3C /* Vision.framework */; };
		998269B12E37C69A00572E3C /* MainTabView.swift in Sources */ = {isa = PBXBuildFile; fileRef = 998269B02E37C69000572E3C /* MainTabView.swift */; };
		998269B32E37C7BA00572E3C /* DesignSystem.swift in Sources */ = {isa = PBXBuildFile; fileRef = 998269B22E37C7B500572E3C /* DesignSystem.swift */; };
		998269B52E37C93F00572E3C /* LabeledBox.swift in Sources */ = {isa = PBXBuildFile; fileRef = 998269B42E37C92000572E3C /* LabeledBox.swift */; };
		998269B72E37C95D00572E3C /* BoxStateManager.swift in Sources */ = {isa = PBXBuildFile; fileRef = 998269B62E37C95400572E3C /* BoxStateManager.swift */; };
		998269BB2E37C9CE00572E3C /* ImageSelectorView.swift in Sources */ = {isa = PBXBuildFile; fileRef = 998269BA2E37C9C900572E3C /* ImageSelectorView.swift */; };
		998269BF2E37CA2600572E3C /* LabelingEditorView.swift in Sources */ = {isa = PBXBuildFile; fileRef = 998269BE2E37CA2200572E3C /* LabelingEditorView.swift */; };
		998269C32E37CB5900572E3C /* DatasetTabView.swift in Sources */ = {isa = PBXBuildFile; fileRef = 998269C22E37CB5500572E3C /* DatasetTabView.swift */; };
		998269C52E37CC9100572E3C /* FolderImageGalleryView.swift in Sources */ = {isa = PBXBuildFile; fileRef = 998269C42E37CC4700572E3C /* FolderImageGalleryView.swift */; };
		998269C72E37CCAB00572E3C /* SwipeableImageViewer.swift in Sources */ = {isa = PBXBuildFile; fileRef = 998269C62E37CCA600572E3C /* SwipeableImageViewer.swift */; };
		998269C92E37CD4700572E3C /* DatasetImageViewer.swift in Sources */ = {isa = PBXBuildFile; fileRef = 998269C82E37CD0800572E3C /* DatasetImageViewer.swift */; };
		998269CB2E37CD8700572E3C /* CoordinateDisplayView.swift in Sources */ = {isa = PBXBuildFile; fileRef = 998269CA2E37CD5F00572E3C /* CoordinateDisplayView.swift */; };
		998269CD2E37CE1B00572E3C /* ExportManager.swift in Sources */ = {isa = PBXBuildFile; fileRef = 998269CC2E37CDA000572E3C /* ExportManager.swift */; };
		998269CF2E37CE5400572E3C /* DetectionComponents.swift in Sources */ = {isa = PBXBuildFile; fileRef = 998269CE2E37CE4E00572E3C /* DetectionComponents.swift */; };
		998269D12E37D00C00572E3C /* DataQualityManager.swift in Sources */ = {isa = PBXBuildFile; fileRef = 998269D02E37D00A00572E3C /* DataQualityManager.swift */; };
		998269D32E37D09800572E3C /* EnhancedObjectMetadata.swift in Sources */ = {isa = PBXBuildFile; fileRef = 998269D22E37D08800572E3C /* EnhancedObjectMetadata.swift */; };
		998269D52E37D22200572E3C /* QualityView.swift in Sources */ = {isa = PBXBuildFile; fileRef = 998269D42E37D22200572E3C /* QualityView.swift */; };
		998269D72E37D2D500572E3C /* ExportOptionsView.swift in Sources */ = {isa = PBXBuildFile; fileRef = 998269D62E37D2D400572E3C /* ExportOptionsView.swift */; };
		998F5E402E6323BB00ED6133 /* FolderDetailView.swift in Sources */ = {isa = PBXBuildFile; fileRef = 998F5E3F2E6323BB00ED6133 /* FolderDetailView.swift */; };
		998F5E442E63268B00ED6133 /* LabelNavigationView.swift in Sources */ = {isa = PBXBuildFile; fileRef = 998F5E432E63268B00ED6133 /* LabelNavigationView.swift */; };
		998F5E462E63268F00ED6133 /* LaunchAnimationView.swift in Sources */ = {isa = PBXBuildFile; fileRef = 998F5E452E63268F00ED6133 /* LaunchAnimationView.swift */; };
		998F5E482E63269200ED6133 /* InsightsView.swift in Sources */ = {isa = PBXBuildFile; fileRef = 998F5E472E63269200ED6133 /* InsightsView.swift */; };
		999C7A7B2E59C3100001650D /* SAM2DetectionManager.swift in Sources */ = {isa = PBXBuildFile; fileRef = 999C7A7A2E59C30A0001650D /* SAM2DetectionManager.swift */; };
		999C7A7D2E59C3720001650D /* BoxCanvasView.swift in Sources */ = {isa = PBXBuildFile; fileRef = 999C7A7C2E59C36E0001650D /* BoxCanvasView.swift */; };
		999C7A8D2E59CEB50001650D /* CoreTypes.swift in Sources */ = {isa = PBXBuildFile; fileRef = 999C7A8C2E59CEAB0001650D /* CoreTypes.swift */; };
		99C123462E63300200AABBCC /* ToastSystem.swift in Sources */ = {isa = PBXBuildFile; fileRef = 99C123452E63300100AABBCC /* ToastSystem.swift */; };
		99C123482E63300400AABBCC /* LabelingSession.swift in Sources */ = {isa = PBXBuildFile; fileRef = 99C123472E63300300AABBCC /* LabelingSession.swift */; };
		99D1A36A2E913C3500960A03 /* VisionProposalService.swift in Sources */ = {isa = PBXBuildFile; fileRef = 99D1A3692E913C2F00960A03 /* VisionProposalService.swift */; };
		99D1A36C2E913DE300960A03 /* EmbeddingService.swift in Sources */ = {isa = PBXBuildFile; fileRef = 99D1A36B2E913DDE00960A03 /* EmbeddingService.swift */; };
		99D1A36E2E913EF100960A03 /* ObjectIdentity.swift in Sources */ = {isa = PBXBuildFile; fileRef = 99D1A36D2E913EEB00960A03 /* ObjectIdentity.swift */; };
		99D1A3702E913F2100960A03 /* ObjectRecognitionEngine.swift in Sources */ = {isa = PBXBuildFile; fileRef = 99D1A36F2E913F1C00960A03 /* ObjectRecognitionEngine.swift */; };
		99D1A3722E91407600960A03 /* PhotoLibraryIndexer.swift in Sources */ = {isa = PBXBuildFile; fileRef = 99D1A3712E91401300960A03 /* PhotoLibraryIndexer.swift */; };
		99D1A3742E9140E700960A03 /* MorningInboxView.swift in Sources */ = {isa = PBXBuildFile; fileRef = 99D1A3732E9140E000960A03 /* MorningInboxView.swift */; };
		99D1A38A2E9155B800960A03 /* ObjectIdentity+Images.swift in Sources */ = {isa = PBXBuildFile; fileRef = 99D1A3892E9155B800960A03 /* ObjectIdentity+Images.swift */; };
		99D2FB7E2E5ADDC800AFDABB /* SAM2_1SmallImageEncoderFLOAT16.mlpackage in Resources */ = {isa = PBXBuildFile; fileRef = 99D2FB782E5ADAE900AFDABB /* SAM2_1SmallImageEncoderFLOAT16.mlpackage */; };
		99D2FB7F2E5ADDC800AFDABB /* SAM2_1SmallMaskDecoderFLOAT16.mlpackage in Resources */ = {isa = PBXBuildFile; fileRef = 99D2FB792E5ADAE900AFDABB /* SAM2_1SmallMaskDecoderFLOAT16.mlpackage */; };
		99D2FB802E5ADDC800AFDABB /* SAM2_1SmallPromptEncoderFLOAT16.mlpackage in Resources */ = {isa = PBXBuildFile; fileRef = 99D2FB7A2E5ADAE900AFDABB /* SAM2_1SmallPromptEncoderFLOAT16.mlpackage */; };
		99EB2E952E5C7B0B00654882 /* SAM2CoreMLProcessor.swift in Sources */ = {isa = PBXBuildFile; fileRef = 99EB2E942E5C7B0400654882 /* SAM2CoreMLProcessor.swift */; };
		99EB2E972E5C7B2A00654882 /* SAM2ImageAnalysis.swift in Sources */ = {isa = PBXBuildFile; fileRef = 99EB2E962E5C7B1A00654882 /* SAM2ImageAnalysis.swift */; };
		99FB3DB92E94D7F00036162D /* Activelearningmanager.swift in Sources */ = {isa = PBXBuildFile; fileRef = 99FB3DB82E94D7D30036162D /* Activelearningmanager.swift */; };
		99FB3DBB2E94D8100036162D /* Activelearningview.swift in Sources */ = {isa = PBXBuildFile; fileRef = 99FB3DBA2E94D80C0036162D /* Activelearningview.swift */; };
		99FB3DC72E9660D80036162D /* Segmentedpreviewrenderer.swift in Sources */ = {isa = PBXBuildFile; fileRef = 99FB3DC62E9660D40036162D /* Segmentedpreviewrenderer.swift */; };
		99FB3DC92E9661570036162D /* Similaritysearchservice.swift in Sources */ = {isa = PBXBuildFile; fileRef = 99FB3DC82E9661390036162D /* Similaritysearchservice.swift */; };
		99FB3DCB2E9661650036162D /* Confirmationview.swift in Sources */ = {isa = PBXBuildFile; fileRef = 99FB3DCA2E96615A0036162D /* Confirmationview.swift */; };
		99FB3DCD2E96618F0036162D /* Activelearningcontroller.swift in Sources */ = {isa = PBXBuildFile; fileRef = 99FB3DCC2E96618A0036162D /* Activelearningcontroller.swift */; };
		99FB3DCF2E9662020036162D /* Appsettings.swift in Sources */ = {isa = PBXBuildFile; fileRef = 99FB3DCE2E9661F90036162D /* Appsettings.swift */; };
		AE980E2E27FDE14EBF8D5B1B /* mobileclip2_s0_text.mlpackage in Resources */ = {isa = PBXBuildFile; fileRef = 5096AA41CADA5DA3D8855722 /* mobileclip2_s0_text.mlpackage */; };
		B6F90EB82034892736E8C016 /* yolo26_class_names.txt in Resources */ = {isa = PBXBuildFile; fileRef = F23B54B3B5F1830EAB086B1F /* yolo26_class_names.txt */; };
		BB15B3A834247C97705D37F3 /* MobileCLIPService.swift in Sources */ = {isa = PBXBuildFile; fileRef = 97DBAD25E133E86AFE360818 /* MobileCLIPService.swift */; };
		CB9D56D7C7A5EBA235E40110 /* UpgradePromptView.swift in Sources */ = {isa = PBXBuildFile; fileRef = B124D68CB2958FC59F9E5939 /* UpgradePromptView.swift */; };
		D2BB38E274657723531D91E1 /* YOLOObjectDetector.swift in Sources */ = {isa = PBXBuildFile; fileRef = F2269046C585E9B5FC4A3A99 /* YOLOObjectDetector.swift */; };
		D6B3E7C8600F5B3C5D07206B /* clip_merges.txt in Resources */ = {isa = PBXBuildFile; fileRef = 7C2E8B2038ACCF39A539DC98 /* clip_merges.txt */; };
		EE9A479435680A970A291AFC /* yolo_class_names.txt in Resources */ = {isa = PBXBuildFile; fileRef = F7C10BA5295EA6403C2EF54B /* yolo_class_names.txt */; };
		F57E6EF3DB46617B55E5815A /* ConceptSearchService.swift in Sources */ = {isa = PBXBuildFile; fileRef = 1188732D81145BA209575562 /* ConceptSearchService.swift */; };
		FBF0FB9481CDE58DE77AB447 /* mobileclip_s0_image.mlpackage in Resources */ = {isa = PBXBuildFile; fileRef = 1EBB83979BB6E63AD9AEF9FA /* mobileclip_s0_image.mlpackage */; };
/* End PBXBuildFile section */

/* Begin PBXContainerItemProxy section */
		9982696D2E37BD6100572E3C /* PBXContainerItemProxy */ = {
			isa = PBXContainerItemProxy;
			containerPortal = 998269572E37BD6000572E3C /* Project object */;
			proxyType = 1;
			remoteGlobalIDString = 9982695E2E37BD6000572E3C;
			remoteInfo = "Vision Builder";
		};
		998269772E37BD6100572E3C /* PBXContainerItemProxy */ = {
			isa = PBXContainerItemProxy;
			containerPortal = 998269572E37BD6000572E3C /* Project object */;
			proxyType = 1;
			remoteGlobalIDString = 9982695E2E37BD6000572E3C;
			remoteInfo = "Vision Builder";
		};
/* End PBXContainerItemProxy section */

/* Begin PBXFileReference section */
		1188732D81145BA209575562 /* ConceptSearchService.swift */ = {isa = PBXFileReference; includeInIndex = 1; lastKnownFileType = sourcecode.swift; path = ConceptSearchService.swift; sourceTree = "<group>"; };
		1EBB83979BB6E63AD9AEF9FA /* mobileclip_s0_image.mlpackage */ = {isa = PBXFileReference; includeInIndex = 1; lastKnownFileType = folder.mlpackage; path = mobileclip_s0_image.mlpackage; sourceTree = "<group>"; };
		2F9DA7FC5EAFC0C58D406FDC /* mobileclip_s0_text.mlpackage */ = {isa = PBXFileReference; includeInIndex = 1; lastKnownFileType = folder.mlpackage; path = mobileclip_s0_text.mlpackage; sourceTree = "<group>"; };
		3BEB7866DF5C3719944EDDAE /* yolov8n_oiv7.mlpackage */ = {isa = PBXFileReference; includeInIndex = 1; lastKnownFileType = folder.mlpackage; path = yolov8n_oiv7.mlpackage; sourceTree = "<group>"; };
		411FFD3B7077CB515964FC71 /* ConceptSearchView.swift */ = {isa = PBXFileReference; includeInIndex = 1; lastKnownFileType = sourcecode.swift; path = ConceptSearchView.swift; sourceTree = "<group>"; };
		4A06C6DF89F0F5B093E8F8FC /* EmbeddingMigrationService.swift */ = {isa = PBXFileReference; includeInIndex = 1; lastKnownFileType = sourcecode.swift; path = EmbeddingMigrationService.swift; sourceTree = "<group>"; };
		5096AA41CADA5DA3D8855722 /* mobileclip2_s0_text.mlpackage */ = {isa = PBXFileReference; includeInIndex = 1; lastKnownFileType = wrapper.mlpackage; path = mobileclip2_s0_text.mlpackage; sourceTree = SOURCE_ROOT; };
		60BD6F3302DB5D10BD7B1FA8 /* FoundationModelsClusterNamer.swift */ = {isa = PBXFileReference; includeInIndex = 1; lastKnownFileType = sourcecode.swift; path = FoundationModelsClusterNamer.swift; sourceTree = SOURCE_ROOT; };
		6CB14C253AFF6198FEA8C2D9 /* mobileclip2_s0_image.mlpackage */ = {isa = PBXFileReference; includeInIndex = 1; lastKnownFileType = wrapper.mlpackage; path = mobileclip2_s0_image.mlpackage; sourceTree = SOURCE_ROOT; };
		7C2E8B2038ACCF39A539DC98 /* clip_merges.txt */ = {isa = PBXFileReference; includeInIndex = 1; path = clip_merges.txt; sourceTree = "<group>"; };
		97DBAD25E133E86AFE360818 /* MobileCLIPService.swift */ = {isa = PBXFileReference; includeInIndex = 1; lastKnownFileType = sourcecode.swift; path = MobileCLIPService.swift; sourceTree = "<group>"; };
		991812ED2E5DC2D200F21CCA /* LabelingQueueView.swift */ = {isa = PBXFileReference; lastKnownFileType = sourcecode.swift; path = LabelingQueueView.swift; sourceTree = "<group>"; };
		9982695F2E37BD6000572E3C /* Vision Builder.app */ = {isa = PBXFileReference; explicitFileType = wrapper.application; includeInIndex = 0; path = "Vision Builder.app"; sourceTree = BUILT_PRODUCTS_DIR; };
		9982696C2E37BD6100572E3C /* Vision BuilderTests.xctest */ = {isa = PBXFileReference; explicitFileType = wrapper.cfbundle; includeInIndex = 0; path = "Vision BuilderTests.xctest"; sourceTree = BUILT_PRODUCTS_DIR; };
		998269762E37BD6100572E3C /* Vision BuilderUITests.xctest */ = {isa = PBXFileReference; explicitFileType = wrapper.cfbundle; includeInIndex = 0; path = "Vision BuilderUITests.xctest"; sourceTree = BUILT_PRODUCTS_DIR; };
		998269A02E37C28300572E3C /* CoreImage.framework */ = {isa = PBXFileReference; lastKnownFileType = wrapper.framework; name = CoreImage.framework; path = System/Library/Frameworks/CoreImage.framework; sourceTree = SDKROOT; };
		998269A92E37C2C900572E3C /* Vision.framework */ = {isa = PBXFileReference; lastKnownFileType = wrapper.framework; name = Vision.framework; path = System/Library/Frameworks/Vision.framework; sourceTree = SDKROOT; };
		998269B02E37C69000572E3C /* MainTabView.swift */ = {isa = PBXFileReference; lastKnownFileType = sourcecode.swift; path = MainTabView.swift; sourceTree = "<group>"; };
		998269B22E37C7B500572E3C /* DesignSystem.swift */ = {isa = PBXFileReference; lastKnownFileType = sourcecode.swift; path = DesignSystem.swift; sourceTree = "<group>"; };
		998269B42E37C92000572E3C /* LabeledBox.swift */ = {isa = PBXFileReference; lastKnownFileType = sourcecode.swift; path = LabeledBox.swift; sourceTree = "<group>"; };
		998269B62E37C95400572E3C /* BoxStateManager.swift */ = {isa = PBXFileReference; lastKnownFileType = sourcecode.swift; path = BoxStateManager.swift; sourceTree = "<group>"; };
		998269BA2E37C9C900572E3C /* ImageSelectorView.swift */ = {isa = PBXFileReference; lastKnownFileType = sourcecode.swift; path = ImageSelectorView.swift; sourceTree = "<group>"; };
		998269BE2E37CA2200572E3C /* LabelingEditorView.swift */ = {isa = PBXFileReference; lastKnownFileType = sourcecode.swift; path = LabelingEditorView.swift; sourceTree = "<group>"; };
		998269C22E37CB5500572E3C /* DatasetTabView.swift */ = {isa = PBXFileReference; lastKnownFileType = sourcecode.swift; path = DatasetTabView.swift; sourceTree = "<group>"; };
		998269C42E37CC4700572E3C /* FolderImageGalleryView.swift */ = {isa = PBXFileReference; lastKnownFileType = sourcecode.swift; path = FolderImageGalleryView.swift; sourceTree = "<group>"; };
		998269C62E37CCA600572E3C /* SwipeableImageViewer.swift */ = {isa = PBXFileReference; lastKnownFileType = sourcecode.swift; path = SwipeableImageViewer.swift; sourceTree = "<group>"; };
		998269C82E37CD0800572E3C /* DatasetImageViewer.swift */ = {isa = PBXFileReference; lastKnownFileType = sourcecode.swift; path = DatasetImageViewer.swift; sourceTree = "<group>"; };
		998269CA2E37CD5F00572E3C /* CoordinateDisplayView.swift */ = {isa = PBXFileReference; lastKnownFileType = sourcecode.swift; path = CoordinateDisplayView.swift; sourceTree = "<group>"; };
		998269CC2E37CDA000572E3C /* ExportManager.swift */ = {isa = PBXFileReference; lastKnownFileType = sourcecode.swift; path = ExportManager.swift; sourceTree = "<group>"; };
		998269CE2E37CE4E00572E3C /* DetectionComponents.swift */ = {isa = PBXFileReference; lastKnownFileType = sourcecode.swift; path = DetectionComponents.swift; sourceTree = "<group>"; };
		998269D02E37D00A00572E3C /* DataQualityManager.swift */ = {isa = PBXFileReference; lastKnownFileType = sourcecode.swift; path = DataQualityManager.swift; sourceTree = "<group>"; };
		998269D22E37D08800572E3C /* EnhancedObjectMetadata.swift */ = {isa = PBXFileReference; lastKnownFileType = sourcecode.swift; path = EnhancedObjectMetadata.swift; sourceTree = "<group>"; };
		998269D42E37D22200572E3C /* QualityView.swift */ = {isa = PBXFileReference; lastKnownFileType = sourcecode.swift; path = QualityView.swift; sourceTree = "<group>"; };
		998269D62E37D2D400572E3C /* ExportOptionsView.swift */ = {isa = PBXFileReference; lastKnownFileType = sourcecode.swift; path = ExportOptionsView.swift; sourceTree = "<group>"; };
		998F5E3F2E6323BB00ED6133 /* FolderDetailView.swift */ = {isa = PBXFileReference; lastKnownFileType = sourcecode.swift; path = FolderDetailView.swift; sourceTree = "<group>"; };
		998F5E432E63268B00ED6133 /* LabelNavigationView.swift */ = {isa = PBXFileReference; lastKnownFileType = sourcecode.swift; path = LabelNavigationView.swift; sourceTree = "<group>"; };
		998F5E452E63268F00ED6133 /* LaunchAnimationView.swift */ = {isa = PBXFileReference; lastKnownFileType = sourcecode.swift; path = LaunchAnimationView.swift; sourceTree = "<group>"; };
		998F5E472E63269200ED6133 /* InsightsView.swift */ = {isa = PBXFileReference; lastKnownFileType = sourcecode.swift; path = InsightsView.swift; sourceTree = "<group>"; };
		999C7A7A2E59C30A0001650D /* SAM2DetectionManager.swift */ = {isa = PBXFileReference; lastKnownFileType = sourcecode.swift; path = SAM2DetectionManager.swift; sourceTree = "<group>"; };
		999C7A7C2E59C36E0001650D /* BoxCanvasView.swift */ = {isa = PBXFileReference; lastKnownFileType = sourcecode.swift; path = BoxCanvasView.swift; sourceTree = "<group>"; };
		999C7A8C2E59CEAB0001650D /* CoreTypes.swift */ = {isa = PBXFileReference; lastKnownFileType = sourcecode.swift; path = CoreTypes.swift; sourceTree = "<group>"; };
		99C123452E63300100AABBCC /* ToastSystem.swift */ = {isa = PBXFileReference; lastKnownFileType = sourcecode.swift; path = ToastSystem.swift; sourceTree = "<group>"; };
		99C123472E63300300AABBCC /* LabelingSession.swift */ = {isa = PBXFileReference; lastKnownFileType = sourcecode.swift; path = LabelingSession.swift; sourceTree = "<group>"; };
		99D1A3692E913C2F00960A03 /* VisionProposalService.swift */ = {isa = PBXFileReference; lastKnownFileType = sourcecode.swift; path = VisionProposalService.swift; sourceTree = "<group>"; };
		99D1A36B2E913DDE00960A03 /* EmbeddingService.swift */ = {isa = PBXFileReference; lastKnownFileType = sourcecode.swift; path = EmbeddingService.swift; sourceTree = "<group>"; };
		99D1A36D2E913EEB00960A03 /* ObjectIdentity.swift */ = {isa = PBXFileReference; lastKnownFileType = sourcecode.swift; path = ObjectIdentity.swift; sourceTree = "<group>"; };
		99D1A36F2E913F1C00960A03 /* ObjectRecognitionEngine.swift */ = {isa = PBXFileReference; lastKnownFileType = sourcecode.swift; path = ObjectRecognitionEngine.swift; sourceTree = "<group>"; };
		99D1A3712E91401300960A03 /* PhotoLibraryIndexer.swift */ = {isa = PBXFileReference; lastKnownFileType = sourcecode.swift; path = PhotoLibraryIndexer.swift; sourceTree = "<group>"; };
		99D1A3732E9140E000960A03 /* MorningInboxView.swift */ = {isa = PBXFileReference; lastKnownFileType = sourcecode.swift; path = MorningInboxView.swift; sourceTree = "<group>"; };
		99D1A3892E9155B800960A03 /* ObjectIdentity+Images.swift */ = {isa = PBXFileReference; lastKnownFileType = sourcecode.swift; path = "ObjectIdentity+Images.swift"; sourceTree = "<group>"; };
		99D2FB782E5ADAE900AFDABB /* SAM2_1SmallImageEncoderFLOAT16.mlpackage */ = {isa = PBXFileReference; lastKnownFileType = folder.mlpackage; path = SAM2_1SmallImageEncoderFLOAT16.mlpackage; sourceTree = "<group>"; };
		99D2FB792E5ADAE900AFDABB /* SAM2_1SmallMaskDecoderFLOAT16.mlpackage */ = {isa = PBXFileReference; lastKnownFileType = folder.mlpackage; path = SAM2_1SmallMaskDecoderFLOAT16.mlpackage; sourceTree = "<group>"; };
		99D2FB7A2E5ADAE900AFDABB /* SAM2_1SmallPromptEncoderFLOAT16.mlpackage */ = {isa = PBXFileReference; lastKnownFileType = folder.mlpackage; path = SAM2_1SmallPromptEncoderFLOAT16.mlpackage; sourceTree = "<group>"; };
		99EB2E942E5C7B0400654882 /* SAM2CoreMLProcessor.swift */ = {isa = PBXFileReference; lastKnownFileType = sourcecode.swift; path = SAM2CoreMLProcessor.swift; sourceTree = "<group>"; };
		99EB2E962E5C7B1A00654882 /* SAM2ImageAnalysis.swift */ = {isa = PBXFileReference; lastKnownFileType = sourcecode.swift; path = SAM2ImageAnalysis.swift; sourceTree = "<group>"; };
		99FB3DB82E94D7D30036162D /* Activelearningmanager.swift */ = {isa = PBXFileReference; lastKnownFileType = sourcecode.swift; path = Activelearningmanager.swift; sourceTree = "<group>"; };
		99FB3DBA2E94D80C0036162D /* Activelearningview.swift */ = {isa = PBXFileReference; lastKnownFileType = sourcecode.swift; path = Activelearningview.swift; sourceTree = "<group>"; };
		99FB3DC62E9660D40036162D /* Segmentedpreviewrenderer.swift */ = {isa = PBXFileReference; lastKnownFileType = sourcecode.swift; path = Segmentedpreviewrenderer.swift; sourceTree = "<group>"; };
		99FB3DC82E9661390036162D /* Similaritysearchservice.swift */ = {isa = PBXFileReference; lastKnownFileType = sourcecode.swift; path = Similaritysearchservice.swift; sourceTree = "<group>"; };
		99FB3DCA2E96615A0036162D /* Confirmationview.swift */ = {isa = PBXFileReference; lastKnownFileType = sourcecode.swift; path = Confirmationview.swift; sourceTree = "<group>"; };
		99FB3DCC2E96618A0036162D /* Activelearningcontroller.swift */ = {isa = PBXFileReference; lastKnownFileType = sourcecode.swift; path = Activelearningcontroller.swift; sourceTree = "<group>"; };
		99FB3DCE2E9661F90036162D /* Appsettings.swift */ = {isa = PBXFileReference; lastKnownFileType = sourcecode.swift; path = Appsettings.swift; sourceTree = "<group>"; };
		B124D68CB2958FC59F9E5939 /* UpgradePromptView.swift */ = {isa = PBXFileReference; includeInIndex = 1; lastKnownFileType = sourcecode.swift; path = UpgradePromptView.swift; sourceTree = "<group>"; };
		B92008C2CDCC6AAE8C526CE8 /* SAM3ConceptService.swift */ = {isa = PBXFileReference; includeInIndex = 1; lastKnownFileType = sourcecode.swift; path = SAM3ConceptService.swift; sourceTree = SOURCE_ROOT; };
		C0D100FFD5BF9028DCEF7CA2 /* yolo26n.mlpackage */ = {isa = PBXFileReference; includeInIndex = 1; lastKnownFileType = wrapper.mlpackage; path = yolo26n.mlpackage; sourceTree = SOURCE_ROOT; };
		E417A67E74224E364E5B8608 /* AutoLabelService.swift */ = {isa = PBXFileReference; includeInIndex = 1; lastKnownFileType = sourcecode.swift; path = AutoLabelService.swift; sourceTree = "<group>"; };
		EE07F701F1AC0699583CB401 /* CLIPTokenizer.swift */ = {isa = PBXFileReference; includeInIndex = 1; lastKnownFileType = sourcecode.swift; path = CLIPTokenizer.swift; sourceTree = "<group>"; };
		F2269046C585E9B5FC4A3A99 /* YOLOObjectDetector.swift */ = {isa = PBXFileReference; includeInIndex = 1; lastKnownFileType = sourcecode.swift; path = YOLOObjectDetector.swift; sourceTree = "<group>"; };
		F23B54B3B5F1830EAB086B1F /* yolo26_class_names.txt */ = {isa = PBXFileReference; includeInIndex = 1; path = yolo26_class_names.txt; sourceTree = SOURCE_ROOT; };
		F648D43794F8E88C16B8EFE2 /* clip_vocab.json */ = {isa = PBXFileReference; includeInIndex = 1; path = clip_vocab.json; sourceTree = "<group>"; };
		F7C10BA5295EA6403C2EF54B /* yolo_class_names.txt */ = {isa = PBXFileReference; includeInIndex = 1; path = yolo_class_names.txt; sourceTree = "<group>"; };
/* End PBXFileReference section */

/* Begin PBXFileSystemSynchronizedRootGroup section */
		998269612E37BD6000572E3C /* Vision Builder */ = {
			isa = PBXFileSystemSynchronizedRootGroup;
			exceptions = (
			);
			path = "Vision Builder";
			sourceTree = "<group>";
		};
		9982696F2E37BD6100572E3C /* Vision BuilderTests */ = {
			isa = PBXFileSystemSynchronizedRootGroup;
			exceptions = (
			);
			path = "Vision BuilderTests";
			sourceTree = "<group>";
		};
		998269792E37BD6100572E3C /* Vision BuilderUITests */ = {
			isa = PBXFileSystemSynchronizedRootGroup;
			exceptions = (
			);
			path = "Vision BuilderUITests";
			sourceTree = "<group>";
		};
/* End PBXFileSystemSynchronizedRootGroup section */

/* Begin PBXFrameworksBuildPhase section */
		9982695C2E37BD6000572E3C /* Frameworks */ = {
			isa = PBXFrameworksBuildPhase;
			buildActionMask = 2147483647;
			files = (
				998269AB2E37C2C900572E3C /* Vision.framework in Frameworks */,
				998269A12E37C28300572E3C /* CoreImage.framework in Frameworks */,
			);
			runOnlyForDeploymentPostprocessing = 0;
		};
		998269692E37BD6100572E3C /* Frameworks */ = {
			isa = PBXFrameworksBuildPhase;
			buildActionMask = 2147483647;
			files = (
			);
			runOnlyForDeploymentPostprocessing = 0;
		};
		998269732E37BD6100572E3C /* Frameworks */ = {
			isa = PBXFrameworksBuildPhase;
			buildActionMask = 2147483647;
			files = (
			);
			runOnlyForDeploymentPostprocessing = 0;
		};
/* End PBXFrameworksBuildPhase section */

/* Begin PBXGroup section */
		998269562E37BD6000572E3C = {
			isa = PBXGroup;
			children = (
				99FB3DCE2E9661F90036162D /* Appsettings.swift */,
				99FB3DCC2E96618A0036162D /* Activelearningcontroller.swift */,
				99FB3DCA2E96615A0036162D /* Confirmationview.swift */,
				99FB3DC82E9661390036162D /* Similaritysearchservice.swift */,
				99FB3DC62E9660D40036162D /* Segmentedpreviewrenderer.swift */,
				99FB3DBA2E94D80C0036162D /* Activelearningview.swift */,
				99FB3DB82E94D7D30036162D /* Activelearningmanager.swift */,
				99D1A3732E9140E000960A03 /* MorningInboxView.swift */,
				99D1A3712E91401300960A03 /* PhotoLibraryIndexer.swift */,
				99D1A36F2E913F1C00960A03 /* ObjectRecognitionEngine.swift */,
				99D1A36D2E913EEB00960A03 /* ObjectIdentity.swift */,
				99D1A36B2E913DDE00960A03 /* EmbeddingService.swift */,
				99D1A3692E913C2F00960A03 /* VisionProposalService.swift */,
				99EB2E962E5C7B1A00654882 /* SAM2ImageAnalysis.swift */,
				99EB2E942E5C7B0400654882 /* SAM2CoreMLProcessor.swift */,
				999C7A8C2E59CEAB0001650D /* CoreTypes.swift */,
				999C7A7C2E59C36E0001650D /* BoxCanvasView.swift */,
				999C7A7A2E59C30A0001650D /* SAM2DetectionManager.swift */,
				998269D62E37D2D400572E3C /* ExportOptionsView.swift */,
				998269D22E37D08800572E3C /* EnhancedObjectMetadata.swift */,
				998269D02E37D00A00572E3C /* DataQualityManager.swift */,
				998269CE2E37CE4E00572E3C /* DetectionComponents.swift */,
				998269CC2E37CDA000572E3C /* ExportManager.swift */,
				998269CA2E37CD5F00572E3C /* CoordinateDisplayView.swift */,
				998269C82E37CD0800572E3C /* DatasetImageViewer.swift */,
				998269C62E37CCA600572E3C /* SwipeableImageViewer.swift */,
				998269C42E37CC4700572E3C /* FolderImageGalleryView.swift */,
				998269C22E37CB5500572E3C /* DatasetTabView.swift */,
				998269BE2E37CA2200572E3C /* LabelingEditorView.swift */,
				998269BA2E37C9C900572E3C /* ImageSelectorView.swift */,
				998269B62E37C95400572E3C /* BoxStateManager.swift */,
				998269B42E37C92000572E3C /* LabeledBox.swift */,
				998269B22E37C7B500572E3C /* DesignSystem.swift */,
				998269B02E37C69000572E3C /* MainTabView.swift */,
				998269612E37BD6000572E3C /* Vision Builder */,
				9982696F2E37BD6100572E3C /* Vision BuilderTests */,
				998269792E37BD6100572E3C /* Vision BuilderUITests */,
				9982699D2E37C25A00572E3C /* Frameworks */,
				998269602E37BD6000572E3C /* Products */,
				998269D42E37D22200572E3C /* QualityView.swift */,
				99D2FB782E5ADAE900AFDABB /* SAM2_1SmallImageEncoderFLOAT16.mlpackage */,
				99D2FB792E5ADAE900AFDABB /* SAM2_1SmallMaskDecoderFLOAT16.mlpackage */,
				99D2FB7A2E5ADAE900AFDABB /* SAM2_1SmallPromptEncoderFLOAT16.mlpackage */,
				991812ED2E5DC2D200F21CCA /* LabelingQueueView.swift */,
				998F5E3F2E6323BB00ED6133 /* FolderDetailView.swift */,
				998F5E432E63268B00ED6133 /* LabelNavigationView.swift */,
				998F5E452E63268F00ED6133 /* LaunchAnimationView.swift */,
				998F5E472E63269200ED6133 /* InsightsView.swift */,
				99D1A3892E9155B800960A03 /* ObjectIdentity+Images.swift */,
				99C123452E63300100AABBCC /* ToastSystem.swift */,
				99C123472E63300300AABBCC /* LabelingSession.swift */,
				EE07F701F1AC0699583CB401 /* CLIPTokenizer.swift */,
				97DBAD25E133E86AFE360818 /* MobileCLIPService.swift */,
				1188732D81145BA209575562 /* ConceptSearchService.swift */,
				411FFD3B7077CB515964FC71 /* ConceptSearchView.swift */,
				E417A67E74224E364E5B8608 /* AutoLabelService.swift */,
				4A06C6DF89F0F5B093E8F8FC /* EmbeddingMigrationService.swift */,
				1EBB83979BB6E63AD9AEF9FA /* mobileclip_s0_image.mlpackage */,
				2F9DA7FC5EAFC0C58D406FDC /* mobileclip_s0_text.mlpackage */,
				F648D43794F8E88C16B8EFE2 /* clip_vocab.json */,
				7C2E8B2038ACCF39A539DC98 /* clip_merges.txt */,
				B124D68CB2958FC59F9E5939 /* UpgradePromptView.swift */,
				F2269046C585E9B5FC4A3A99 /* YOLOObjectDetector.swift */,
				3BEB7866DF5C3719944EDDAE /* yolov8n_oiv7.mlpackage */,
				F7C10BA5295EA6403C2EF54B /* yolo_class_names.txt */,
				B92008C2CDCC6AAE8C526CE8 /* SAM3ConceptService.swift */,
				60BD6F3302DB5D10BD7B1FA8 /* FoundationModelsClusterNamer.swift */,
				6CB14C253AFF6198FEA8C2D9 /* mobileclip2_s0_image.mlpackage */,
				5096AA41CADA5DA3D8855722 /* mobileclip2_s0_text.mlpackage */,
				C0D100FFD5BF9028DCEF7CA2 /* yolo26n.mlpackage */,
				F23B54B3B5F1830EAB086B1F /* yolo26_class_names.txt */,
			);
			sourceTree = "<group>";
		};
		998269602E37BD6000572E3C /* Products */ = {
			isa = PBXGroup;
			children = (
				9982695F2E37BD6000572E3C /* Vision Builder.app */,
				9982696C2E37BD6100572E3C /* Vision BuilderTests.xctest */,
				998269762E37BD6100572E3C /* Vision BuilderUITests.xctest */,
			);
			name = Products;
			sourceTree = "<group>";
		};
		9982699D2E37C25A00572E3C /* Frameworks */ = {
			isa = PBXGroup;
			children = (
				998269A92E37C2C900572E3C /* Vision.framework */,
				998269A02E37C28300572E3C /* CoreImage.framework */,
			);
			name = Frameworks;
			sourceTree = "<group>";
		};
/* End PBXGroup section */

/* Begin PBXNativeTarget section */
		9982695E2E37BD6000572E3C /* Vision Builder */ = {
			isa = PBXNativeTarget;
			buildConfigurationList = 998269802E37BD6100572E3C /* Build configuration list for PBXNativeTarget "Vision Builder" */;
			buildPhases = (
				9982695B2E37BD6000572E3C /* Sources */,
				9982695C2E37BD6000572E3C /* Frameworks */,
				9982695D2E37BD6000572E3C /* Resources */,
			);
			buildRules = (
			);
			dependencies = (
			);
			fileSystemSynchronizedGroups = (
				998269612E37BD6000572E3C /* Vision Builder */,
			);
			name = "Vision Builder";
			productName = "Vision Builder";
			productReference = 9982695F2E37BD6000572E3C /* Vision Builder.app */;
			productType = "com.apple.product-type.application";
		};
		9982696B2E37BD6100572E3C /* Vision BuilderTests */ = {
			isa = PBXNativeTarget;
			buildConfigurationList = 998269832E37BD6100572E3C /* Build configuration list for PBXNativeTarget "Vision BuilderTests" */;
			buildPhases = (
				998269682E37BD6100572E3C /* Sources */,
				998269692E37BD6100572E3C /* Frameworks */,
				9982696A2E37BD6100572E3C /* Resources */,
			);
			buildRules = (
			);
			dependencies = (
				9982696E2E37BD6100572E3C /* PBXTargetDependency */,
			);
			fileSystemSynchronizedGroups = (
				9982696F2E37BD6100572E3C /* Vision BuilderTests */,
			);
			name = "Vision BuilderTests";
			productName = "Vision BuilderTests";
			productReference = 9982696C2E37BD6100572E3C /* Vision BuilderTests.xctest */;
			productType = "com.apple.product-type.bundle.unit-test";
		};
		998269752E37BD6100572E3C /* Vision BuilderUITests */ = {
			isa = PBXNativeTarget;
			buildConfigurationList = 998269862E37BD6100572E3C /* Build configuration list for PBXNativeTarget "Vision BuilderUITests" */;
			buildPhases = (
				998269722E37BD6100572E3C /* Sources */,
				998269732E37BD6100572E3C /* Frameworks */,
				998269742E37BD6100572E3C /* Resources */,
			);
			buildRules = (
			);
			dependencies = (
				998269782E37BD6100572E3C /* PBXTargetDependency */,
			);
			fileSystemSynchronizedGroups = (
				998269792E37BD6100572E3C /* Vision BuilderUITests */,
			);
			name = "Vision BuilderUITests";
			productName = "Vision BuilderUITests";
			productReference = 998269762E37BD6100572E3C /* Vision BuilderUITests.xctest */;
			productType = "com.apple.product-type.bundle.ui-testing";
		};
/* End PBXNativeTarget section */

/* Begin PBXProject section */
		998269572E37BD6000572E3C /* Project object */ = {
			isa = PBXProject;
			attributes = {
				BuildIndependentTargetsInParallel = 1;
				LastSwiftUpdateCheck = 2600;
				LastUpgradeCheck = 2610;
				TargetAttributes = {
					9982695E2E37BD6000572E3C = {
						CreatedOnToolsVersion = 26.0;
					};
					9982696B2E37BD6100572E3C = {
						CreatedOnToolsVersion = 26.0;
						TestTargetID = 9982695E2E37BD6000572E3C;
					};
					998269752E37BD6100572E3C = {
						CreatedOnToolsVersion = 26.0;
						TestTargetID = 9982695E2E37BD6000572E3C;
					};
				};
			};
			buildConfigurationList = 9982695A2E37BD6000572E3C /* Build configuration list for PBXProject "Vision Builder" */;
			developmentRegion = en;
			hasScannedForEncodings = 0;
			knownRegions = (
				en,
				Base,
			);
			mainGroup = 998269562E37BD6000572E3C;
			minimizedProjectReferenceProxies = 1;
			preferredProjectObjectVersion = 77;
			productRefGroup = 998269602E37BD6000572E3C /* Products */;
			projectDirPath = "";
			projectRoot = "";
			targets = (
				9982695E2E37BD6000572E3C /* Vision Builder */,
				9982696B2E37BD6100572E3C /* Vision BuilderTests */,
				998269752E37BD6100572E3C /* Vision BuilderUITests */,
			);
		};
/* End PBXProject section */

/* Begin PBXResourcesBuildPhase section */
		9982695D2E37BD6000572E3C /* Resources */ = {
			isa = PBXResourcesBuildPhase;
			buildActionMask = 2147483647;
			files = (
				99D2FB7E2E5ADDC800AFDABB /* SAM2_1SmallImageEncoderFLOAT16.mlpackage in Resources */,
				99D2FB7F2E5ADDC800AFDABB /* SAM2_1SmallMaskDecoderFLOAT16.mlpackage in Resources */,
				99D2FB802E5ADDC800AFDABB /* SAM2_1SmallPromptEncoderFLOAT16.mlpackage in Resources */,
				FBF0FB9481CDE58DE77AB447 /* mobileclip_s0_image.mlpackage in Resources */,
				51B0BA19D09A60415EFA6AA9 /* mobileclip_s0_text.mlpackage in Resources */,
				2C374CDF9944A8D8926F19B6 /* clip_vocab.json in Resources */,
				D6B3E7C8600F5B3C5D07206B /* clip_merges.txt in Resources */,
				3BA79C57CAA9AEFDCD2D6A90 /* yolov8n_oiv7.mlpackage in Resources */,
				EE9A479435680A970A291AFC /* yolo_class_names.txt in Resources */,
				7848126E9D2D1C4641DC699C /* mobileclip2_s0_image.mlpackage in Resources */,
				AE980E2E27FDE14EBF8D5B1B /* mobileclip2_s0_text.mlpackage in Resources */,
				60754559EF10917667CD3EF3 /* yolo26n.mlpackage in Resources */,
				B6F90EB82034892736E8C016 /* yolo26_class_names.txt in Resources */,
			);
			runOnlyForDeploymentPostprocessing = 0;
		};
		9982696A2E37BD6100572E3C /* Resources */ = {
			isa = PBXResourcesBuildPhase;
			buildActionMask = 2147483647;
			files = (
			);
			runOnlyForDeploymentPostprocessing = 0;
		};
		998269742E37BD6100572E3C /* Resources */ = {
			isa = PBXResourcesBuildPhase;
			buildActionMask = 2147483647;
			files = (
			);
			runOnlyForDeploymentPostprocessing = 0;
		};
/* End PBXResourcesBuildPhase section */

/* Begin PBXSourcesBuildPhase section */
		9982695B2E37BD6000572E3C /* Sources */ = {
			isa = PBXSourcesBuildPhase;
			buildActionMask = 2147483647;
			files = (
				99D1A3702E913F2100960A03 /* ObjectRecognitionEngine.swift in Sources */,
				999C7A8D2E59CEB50001650D /* CoreTypes.swift in Sources */,
				99D1A36C2E913DE300960A03 /* EmbeddingService.swift in Sources */,
				998269B32E37C7BA00572E3C /* DesignSystem.swift in Sources */,
				998269BF2E37CA2600572E3C /* LabelingEditorView.swift in Sources */,
				999C7A7D2E59C3720001650D /* BoxCanvasView.swift in Sources */,
				99FB3DC92E9661570036162D /* Similaritysearchservice.swift in Sources */,
				99FB3DBB2E94D8100036162D /* Activelearningview.swift in Sources */,
				998269D32E37D09800572E3C /* EnhancedObjectMetadata.swift in Sources */,
				998269C72E37CCAB00572E3C /* SwipeableImageViewer.swift in Sources */,
				998F5E442E63268B00ED6133 /* LabelNavigationView.swift in Sources */,
				998269B52E37C93F00572E3C /* LabeledBox.swift in Sources */,
				998269CB2E37CD8700572E3C /* CoordinateDisplayView.swift in Sources */,
				999C7A7B2E59C3100001650D /* SAM2DetectionManager.swift in Sources */,
				998269C92E37CD4700572E3C /* DatasetImageViewer.swift in Sources */,
				998F5E462E63268F00ED6133 /* LaunchAnimationView.swift in Sources */,
				998F5E402E6323BB00ED6133 /* FolderDetailView.swift in Sources */,
				998269D72E37D2D500572E3C /* ExportOptionsView.swift in Sources */,
				99FB3DC72E9660D80036162D /* Segmentedpreviewrenderer.swift in Sources */,
				99D1A36E2E913EF100960A03 /* ObjectIdentity.swift in Sources */,
				998269B12E37C69A00572E3C /* MainTabView.swift in Sources */,
				99FB3DB92E94D7F00036162D /* Activelearningmanager.swift in Sources */,
				998269D52E37D22200572E3C /* QualityView.swift in Sources */,
				99FB3DCD2E96618F0036162D /* Activelearningcontroller.swift in Sources */,
				998269CD2E37CE1B00572E3C /* ExportManager.swift in Sources */,
				99D1A36A2E913C3500960A03 /* VisionProposalService.swift in Sources */,
				991812EE2E5DC2D200F21CCA /* LabelingQueueView.swift in Sources */,
				998269D12E37D00C00572E3C /* DataQualityManager.swift in Sources */,
				998F5E482E63269200ED6133 /* InsightsView.swift in Sources */,
				99D1A3742E9140E700960A03 /* MorningInboxView.swift in Sources */,
				99EB2E952E5C7B0B00654882 /* SAM2CoreMLProcessor.swift in Sources */,
				998269C32E37CB5900572E3C /* DatasetTabView.swift in Sources */,
				99FB3DCB2E9661650036162D /* Confirmationview.swift in Sources */,
				998269C52E37CC9100572E3C /* FolderImageGalleryView.swift in Sources */,
				998269BB2E37C9CE00572E3C /* ImageSelectorView.swift in Sources */,
				99EB2E972E5C7B2A00654882 /* SAM2ImageAnalysis.swift in Sources */,
				99D1A38A2E9155B800960A03 /* ObjectIdentity+Images.swift in Sources */,
				99FB3DCF2E9662020036162D /* Appsettings.swift in Sources */,
				99D1A3722E91407600960A03 /* PhotoLibraryIndexer.swift in Sources */,
				998269B72E37C95D00572E3C /* BoxStateManager.swift in Sources */,
				998269CF2E37CE5400572E3C /* DetectionComponents.swift in Sources */,
				99C123462E63300200AABBCC /* ToastSystem.swift in Sources */,
				99C123482E63300400AABBCC /* LabelingSession.swift in Sources */,
				00173807359015CF2D339D91 /* CLIPTokenizer.swift in Sources */,
				BB15B3A834247C97705D37F3 /* MobileCLIPService.swift in Sources */,
				F57E6EF3DB46617B55E5815A /* ConceptSearchService.swift in Sources */,
				4062AF4C60DDA2579533D29D /* ConceptSearchView.swift in Sources */,
				955DF5883C0FD4D3B3B9D034 /* AutoLabelService.swift in Sources */,
				22C638EF089770F08DA09D8C /* EmbeddingMigrationService.swift in Sources */,
				CB9D56D7C7A5EBA235E40110 /* UpgradePromptView.swift in Sources */,
				D2BB38E274657723531D91E1 /* YOLOObjectDetector.swift in Sources */,
				1C7341F78F23C6DEC5307AF8 /* SAM3ConceptService.swift in Sources */,
				799EE588B394F5906A89ECE4 /* FoundationModelsClusterNamer.swift in Sources */,
			);
			runOnlyForDeploymentPostprocessing = 0;
		};
		998269682E37BD6100572E3C /* Sources */ = {
			isa = PBXSourcesBuildPhase;
			buildActionMask = 2147483647;
			files = (
			);
			runOnlyForDeploymentPostprocessing = 0;
		};
		998269722E37BD6100572E3C /* Sources */ = {
			isa = PBXSourcesBuildPhase;
			buildActionMask = 2147483647;
			files = (
			);
			runOnlyForDeploymentPostprocessing = 0;
		};
/* End PBXSourcesBuildPhase section */

/* Begin PBXTargetDependency section */
		9982696E2E37BD6100572E3C /* PBXTargetDependency */ = {
			isa = PBXTargetDependency;
			target = 9982695E2E37BD6000572E3C /* Vision Builder */;
			targetProxy = 9982696D2E37BD6100572E3C /* PBXContainerItemProxy */;
		};
		998269782E37BD6100572E3C /* PBXTargetDependency */ = {
			isa = PBXTargetDependency;
			target = 9982695E2E37BD6000572E3C /* Vision Builder */;
			targetProxy = 998269772E37BD6100572E3C /* PBXContainerItemProxy */;
		};
/* End PBXTargetDependency section */

/* Begin XCBuildConfiguration section */
		9982697E2E37BD6100572E3C /* Debug */ = {
			isa = XCBuildConfiguration;
			buildSettings = {
				ALWAYS_SEARCH_USER_PATHS = NO;
				ASSETCATALOG_COMPILER_GENERATE_SWIFT_ASSET_SYMBOL_EXTENSIONS = YES;
				CLANG_ANALYZER_NONNULL = YES;
				CLANG_ANALYZER_NUMBER_OBJECT_CONVERSION = YES_AGGRESSIVE;
				CLANG_CXX_LANGUAGE_STANDARD = "gnu++20";
				CLANG_ENABLE_MODULES = YES;
				CLANG_ENABLE_OBJC_ARC = YES;
				CLANG_ENABLE_OBJC_WEAK = YES;
				CLANG_WARN_BLOCK_CAPTURE_AUTORELEASING = YES;
				CLANG_WARN_BOOL_CONVERSION = YES;
				CLANG_WARN_COMMA = YES;
				CLANG_WARN_CONSTANT_CONVERSION = YES;
				CLANG_WARN_DEPRECATED_OBJC_IMPLEMENTATIONS = YES;
				CLANG_WARN_DIRECT_OBJC_ISA_USAGE = YES_ERROR;
				CLANG_WARN_DOCUMENTATION_COMMENTS = YES;
				CLANG_WARN_EMPTY_BODY = YES;
				CLANG_WARN_ENUM_CONVERSION = YES;
				CLANG_WARN_INFINITE_RECURSION = YES;
				CLANG_WARN_INT_CONVERSION = YES;
				CLANG_WARN_NON_LITERAL_NULL_CONVERSION = YES;
				CLANG_WARN_OBJC_IMPLICIT_RETAIN_SELF = YES;
				CLANG_WARN_OBJC_LITERAL_CONVERSION = YES;
				CLANG_WARN_OBJC_ROOT_CLASS = YES_ERROR;
				CLANG_WARN_QUOTED_INCLUDE_IN_FRAMEWORK_HEADER = YES;
				CLANG_WARN_RANGE_LOOP_ANALYSIS = YES;
				CLANG_WARN_STRICT_PROTOTYPES = YES;
				CLANG_WARN_SUSPICIOUS_MOVE = YES;
				CLANG_WARN_UNGUARDED_AVAILABILITY = YES_AGGRESSIVE;
				CLANG_WARN_UNREACHABLE_CODE = YES;
				CLANG_WARN__DUPLICATE_METHOD_MATCH = YES;
				COPY_PHASE_STRIP = NO;
				DEBUG_INFORMATION_FORMAT = dwarf;
				DEVELOPMENT_TEAM = B9RA6QH559;
				ENABLE_STRICT_OBJC_MSGSEND = YES;
				ENABLE_TESTABILITY = YES;
				ENABLE_USER_SCRIPT_SANDBOXING = YES;
				GCC_C_LANGUAGE_STANDARD = gnu17;
				GCC_DYNAMIC_NO_PIC = NO;
				GCC_NO_COMMON_BLOCKS = YES;
				GCC_OPTIMIZATION_LEVEL = 0;
				GCC_PREPROCESSOR_DEFINITIONS = (
					"DEBUG=1",
					"$(inherited)",
				);
				GCC_WARN_64_TO_32_BIT_CONVERSION = YES;
				GCC_WARN_ABOUT_RETURN_TYPE = YES_ERROR;
				GCC_WARN_UNDECLARED_SELECTOR = YES;
				GCC_WARN_UNINITIALIZED_AUTOS = YES_AGGRESSIVE;
				GCC_WARN_UNUSED_FUNCTION = YES;
				GCC_WARN_UNUSED_VARIABLE = YES;
				IPHONEOS_DEPLOYMENT_TARGET = 26.0;
				LOCALIZATION_PREFERS_STRING_CATALOGS = YES;
				MTL_ENABLE_DEBUG_INFO = INCLUDE_SOURCE;
				MTL_FAST_MATH = YES;
				ONLY_ACTIVE_ARCH = YES;
				SDKROOT = iphoneos;
				STRING_CATALOG_GENERATE_SYMBOLS = YES;
				SWIFT_ACTIVE_COMPILATION_CONDITIONS = "DEBUG $(inherited)";
				SWIFT_OPTIMIZATION_LEVEL = "-Onone";
			};
			name = Debug;
		};
		9982697F2E37BD6100572E3C /* Release */ = {
			isa = XCBuildConfiguration;
			buildSettings = {
				ALWAYS_SEARCH_USER_PATHS = NO;
				ASSETCATALOG_COMPILER_GENERATE_SWIFT_ASSET_SYMBOL_EXTENSIONS = YES;
				CLANG_ANALYZER_NONNULL = YES;
				CLANG_ANALYZER_NUMBER_OBJECT_CONVERSION = YES_AGGRESSIVE;
				CLANG_CXX_LANGUAGE_STANDARD = "gnu++20";
				CLANG_ENABLE_MODULES = YES;
				CLANG_ENABLE_OBJC_ARC = YES;
				CLANG_ENABLE_OBJC_WEAK = YES;
				CLANG_WARN_BLOCK_CAPTURE_AUTORELEASING = YES;
				CLANG_WARN_BOOL_CONVERSION = YES;
				CLANG_WARN_COMMA = YES;
				CLANG_WARN_CONSTANT_CONVERSION = YES;
				CLANG_WARN_DEPRECATED_OBJC_IMPLEMENTATIONS = YES;
				CLANG_WARN_DIRECT_OBJC_ISA_USAGE = YES_ERROR;
				CLANG_WARN_DOCUMENTATION_COMMENTS = YES;
				CLANG_WARN_EMPTY_BODY = YES;
				CLANG_WARN_ENUM_CONVERSION = YES;
				CLANG_WARN_INFINITE_RECURSION = YES;
				CLANG_WARN_INT_CONVERSION = YES;
				CLANG_WARN_NON_LITERAL_NULL_CONVERSION = YES;
				CLANG_WARN_OBJC_IMPLICIT_RETAIN_SELF = YES;
				CLANG_WARN_OBJC_LITERAL_CONVERSION = YES;
				CLANG_WARN_OBJC_ROOT_CLASS = YES_ERROR;
				CLANG_WARN_QUOTED_INCLUDE_IN_FRAMEWORK_HEADER = YES;
				CLANG_WARN_RANGE_LOOP_ANALYSIS = YES;
				CLANG_WARN_STRICT_PROTOTYPES = YES;
				CLANG_WARN_SUSPICIOUS_MOVE = YES;
				CLANG_WARN_UNGUARDED_AVAILABILITY = YES_AGGRESSIVE;
				CLANG_WARN_UNREACHABLE_CODE = YES;
				CLANG_WARN__DUPLICATE_METHOD_MATCH = YES;
				COPY_PHASE_STRIP = NO;
				DEBUG_INFORMATION_FORMAT = "dwarf-with-dsym";
				DEVELOPMENT_TEAM = B9RA6QH559;
				ENABLE_NS_ASSERTIONS = NO;
				ENABLE_STRICT_OBJC_MSGSEND = YES;
				ENABLE_USER_SCRIPT_SANDBOXING = YES;
				GCC_C_LANGUAGE_STANDARD = gnu17;
				GCC_NO_COMMON_BLOCKS = YES;
				GCC_WARN_64_TO_32_BIT_CONVERSION = YES;
				GCC_WARN_ABOUT_RETURN_TYPE = YES_ERROR;
				GCC_WARN_UNDECLARED_SELECTOR = YES;
				GCC_WARN_UNINITIALIZED_AUTOS = YES_AGGRESSIVE;
				GCC_WARN_UNUSED_FUNCTION = YES;
				GCC_WARN_UNUSED_VARIABLE = YES;
				IPHONEOS_DEPLOYMENT_TARGET = 26.0;
				LOCALIZATION_PREFERS_STRING_CATALOGS = YES;
				MTL_ENABLE_DEBUG_INFO = NO;
				MTL_FAST_MATH = YES;
				SDKROOT = iphoneos;
				STRING_CATALOG_GENERATE_SYMBOLS = YES;
				SWIFT_COMPILATION_MODE = wholemodule;
				VALIDATE_PRODUCT = YES;
			};
			name = Release;
		};
		998269812E37BD6100572E3C /* Debug */ = {
			isa = XCBuildConfiguration;
			buildSettings = {
				ASSETCATALOG_COMPILER_APPICON_NAME = AppIcon;
				ASSETCATALOG_COMPILER_GLOBAL_ACCENT_COLOR_NAME = AccentColor;
				CODE_SIGN_STYLE = Automatic;
				CURRENT_PROJECT_VERSION = 1;
				DEVELOPMENT_TEAM = B9RA6QH559;
				ENABLE_PREVIEWS = YES;
				GENERATE_INFOPLIST_FILE = YES;
				INFOPLIST_FILE = "Vision-Builder-Info.plist";
				INFOPLIST_KEY_LSApplicationCategoryType = "";
				INFOPLIST_KEY_NSPhotoLibraryUsageDescription = "Photo Accessed needed for Labeling";
				INFOPLIST_KEY_UIApplicationSceneManifest_Generation = YES;
				INFOPLIST_KEY_UIApplicationSupportsIndirectInputEvents = YES;
				INFOPLIST_KEY_UILaunchScreen_Generation = YES;
				INFOPLIST_KEY_UISupportedInterfaceOrientations_iPad = "UIInterfaceOrientationPortrait UIInterfaceOrientationPortraitUpsideDown UIInterfaceOrientationLandscapeLeft UIInterfaceOrientationLandscapeRight";
				INFOPLIST_KEY_UISupportedInterfaceOrientations_iPhone = "UIInterfaceOrientationPortrait UIInterfaceOrientationLandscapeLeft UIInterfaceOrientationLandscapeRight";
				IPHONEOS_DEPLOYMENT_TARGET = 18.0;
				LD_RUNPATH_SEARCH_PATHS = (
					"$(inherited)",
					"@executable_path/Frameworks",
				);
				MARKETING_VERSION = 1.0;
				PRODUCT_BUNDLE_IDENTIFIER = "B9RA6QH559.Vision-Builder";
				PRODUCT_NAME = "$(TARGET_NAME)";
				STRING_CATALOG_GENERATE_SYMBOLS = YES;
				SWIFT_APPROACHABLE_CONCURRENCY = YES;
				SWIFT_DEFAULT_ACTOR_ISOLATION = MainActor;
				SWIFT_EMIT_LOC_STRINGS = YES;
				SWIFT_UPCOMING_FEATURE_MEMBER_IMPORT_VISIBILITY = YES;
				SWIFT_VERSION = 5.0;
				TARGETED_DEVICE_FAMILY = "1,2";
			};
			name = Debug;
		};
		998269822E37BD6100572E3C /* Release */ = {
			isa = XCBuildConfiguration;
			buildSettings = {
				ASSETCATALOG_COMPILER_APPICON_NAME = AppIcon;
				ASSETCATALOG_COMPILER_GLOBAL_ACCENT_COLOR_NAME = AccentColor;
				CODE_SIGN_STYLE = Automatic;
				CURRENT_PROJECT_VERSION = 1;
				DEVELOPMENT_TEAM = B9RA6QH559;
				ENABLE_PREVIEWS = YES;
				GENERATE_INFOPLIST_FILE = YES;
				INFOPLIST_FILE = "Vision-Builder-Info.plist";
				INFOPLIST_KEY_LSApplicationCategoryType = "";
				INFOPLIST_KEY_NSPhotoLibraryUsageDescription = "Photo Accessed needed for Labeling";
				INFOPLIST_KEY_UIApplicationSceneManifest_Generation = YES;
				INFOPLIST_KEY_UIApplicationSupportsIndirectInputEvents = YES;
				INFOPLIST_KEY_UILaunchScreen_Generation = YES;
				INFOPLIST_KEY_UISupportedInterfaceOrientations_iPad = "UIInterfaceOrientationPortrait UIInterfaceOrientationPortraitUpsideDown UIInterfaceOrientationLandscapeLeft UIInterfaceOrientationLandscapeRight";
				INFOPLIST_KEY_UISupportedInterfaceOrientations_iPhone = "UIInterfaceOrientationPortrait UIInterfaceOrientationLandscapeLeft UIInterfaceOrientationLandscapeRight";
				IPHONEOS_DEPLOYMENT_TARGET = 18.0;
				LD_RUNPATH_SEARCH_PATHS = (
					"$(inherited)",
					"@executable_path/Frameworks",
				);
				MARKETING_VERSION = 1.0;
				PRODUCT_BUNDLE_IDENTIFIER = "B9RA6QH559.Vision-Builder";
				PRODUCT_NAME = "$(TARGET_NAME)";
				STRING_CATALOG_GENERATE_SYMBOLS = YES;
				SWIFT_APPROACHABLE_CONCURRENCY = YES;
				SWIFT_DEFAULT_ACTOR_ISOLATION = MainActor;
				SWIFT_EMIT_LOC_STRINGS = YES;
				SWIFT_UPCOMING_FEATURE_MEMBER_IMPORT_VISIBILITY = YES;
				SWIFT_VERSION = 5.0;
				TARGETED_DEVICE_FAMILY = "1,2";
			};
			name = Release;
		};
		998269842E37BD6100572E3C /* Debug */ = {
			isa = XCBuildConfiguration;
			buildSettings = {
				BUNDLE_LOADER = "$(TEST_HOST)";
				CODE_SIGN_STYLE = Automatic;
				CURRENT_PROJECT_VERSION = 1;
				DEVELOPMENT_TEAM = B9RA6QH559;
				GENERATE_INFOPLIST_FILE = YES;
				IPHONEOS_DEPLOYMENT_TARGET = 26.0;
				MARKETING_VERSION = 1.0;
				PRODUCT_BUNDLE_IDENTIFIER = "B9RA6QH559.Vision-BuilderTests";
				PRODUCT_NAME = "$(TARGET_NAME)";
				STRING_CATALOG_GENERATE_SYMBOLS = NO;
				SWIFT_APPROACHABLE_CONCURRENCY = YES;
				SWIFT_EMIT_LOC_STRINGS = NO;
				SWIFT_UPCOMING_FEATURE_MEMBER_IMPORT_VISIBILITY = YES;
				SWIFT_VERSION = 5.0;
				TARGETED_DEVICE_FAMILY = "1,2";
				TEST_HOST = "$(BUILT_PRODUCTS_DIR)/Vision Builder.app/$(BUNDLE_EXECUTABLE_FOLDER_PATH)/Vision Builder";
			};
			name = Debug;
		};
		998269852E37BD6100572E3C /* Release */ = {
			isa = XCBuildConfiguration;
			buildSettings = {
				BUNDLE_LOADER = "$(TEST_HOST)";
				CODE_SIGN_STYLE = Automatic;
				CURRENT_PROJECT_VERSION = 1;
				DEVELOPMENT_TEAM = B9RA6QH559;
				GENERATE_INFOPLIST_FILE = YES;
				IPHONEOS_DEPLOYMENT_TARGET = 26.0;
				MARKETING_VERSION = 1.0;
				PRODUCT_BUNDLE_IDENTIFIER = "B9RA6QH559.Vision-BuilderTests";
				PRODUCT_NAME = "$(TARGET_NAME)";
				STRING_CATALOG_GENERATE_SYMBOLS = NO;
				SWIFT_APPROACHABLE_CONCURRENCY = YES;
				SWIFT_EMIT_LOC_STRINGS = NO;
				SWIFT_UPCOMING_FEATURE_MEMBER_IMPORT_VISIBILITY = YES;
				SWIFT_VERSION = 5.0;
				TARGETED_DEVICE_FAMILY = "1,2";
				TEST_HOST = "$(BUILT_PRODUCTS_DIR)/Vision Builder.app/$(BUNDLE_EXECUTABLE_FOLDER_PATH)/Vision Builder";
			};
			name = Release;
		};
		998269872E37BD6100572E3C /* Debug */ = {
			isa = XCBuildConfiguration;
			buildSettings = {
				CODE_SIGN_STYLE = Automatic;
				CURRENT_PROJECT_VERSION = 1;
				DEVELOPMENT_TEAM = B9RA6QH559;
				GENERATE_INFOPLIST_FILE = YES;
				MARKETING_VERSION = 1.0;
				PRODUCT_BUNDLE_IDENTIFIER = "B9RA6QH559.Vision-BuilderUITests";
				PRODUCT_NAME = "$(TARGET_NAME)";
				STRING_CATALOG_GENERATE_SYMBOLS = NO;
				SWIFT_APPROACHABLE_CONCURRENCY = YES;
				SWIFT_EMIT_LOC_STRINGS = NO;
				SWIFT_UPCOMING_FEATURE_MEMBER_IMPORT_VISIBILITY = YES;
				SWIFT_VERSION = 5.0;
				TARGETED_DEVICE_FAMILY = "1,2";
				TEST_TARGET_NAME = "Vision Builder";
			};
			name = Debug;
		};
		998269882E37BD6100572E3C /* Release */ = {
			isa = XCBuildConfiguration;
			buildSettings = {
				CODE_SIGN_STYLE = Automatic;
				CURRENT_PROJECT_VERSION = 1;
				DEVELOPMENT_TEAM = B9RA6QH559;
				GENERATE_INFOPLIST_FILE = YES;
				MARKETING_VERSION = 1.0;
				PRODUCT_BUNDLE_IDENTIFIER = "B9RA6QH559.Vision-BuilderUITests";
				PRODUCT_NAME = "$(TARGET_NAME)";
				STRING_CATALOG_GENERATE_SYMBOLS = NO;
				SWIFT_APPROACHABLE_CONCURRENCY = YES;
				SWIFT_EMIT_LOC_STRINGS = NO;
				SWIFT_UPCOMING_FEATURE_MEMBER_IMPORT_VISIBILITY = YES;
				SWIFT_VERSION = 5.0;
				TARGETED_DEVICE_FAMILY = "1,2";
				TEST_TARGET_NAME = "Vision Builder";
			};
			name = Release;
		};
/* End XCBuildConfiguration section */

/* Begin XCConfigurationList section */
		9982695A2E37BD6000572E3C /* Build configuration list for PBXProject "Vision Builder" */ = {
			isa = XCConfigurationList;
			buildConfigurations = (
				9982697E2E37BD6100572E3C /* Debug */,
				9982697F2E37BD6100572E3C /* Release */,
			);
			defaultConfigurationIsVisible = 0;
			defaultConfigurationName = Release;
		};
		998269802E37BD6100572E3C /* Build configuration list for PBXNativeTarget "Vision Builder" */ = {
			isa = XCConfigurationList;
			buildConfigurations = (
				998269812E37BD6100572E3C /* Debug */,
				998269822E37BD6100572E3C /* Release */,
			);
			defaultConfigurationIsVisible = 0;
			defaultConfigurationName = Release;
		};
		998269832E37BD6100572E3C /* Build configuration list for PBXNativeTarget "Vision BuilderTests" */ = {
			isa = XCConfigurationList;
			buildConfigurations = (
				998269842E37BD6100572E3C /* Debug */,
				998269852E37BD6100572E3C /* Release */,
			);
			defaultConfigurationIsVisible = 0;
			defaultConfigurationName = Release;
		};
		998269862E37BD6100572E3C /* Build configuration list for PBXNativeTarget "Vision BuilderUITests" */ = {
			isa = XCConfigurationList;
			buildConfigurations = (
				998269872E37BD6100572E3C /* Debug */,
				998269882E37BD6100572E3C /* Release */,
			);
			defaultConfigurationIsVisible = 0;
			defaultConfigurationName = Release;
		};
/* End XCConfigurationList section */
	};
	rootObject = 998269572E37BD6000572E3C /* Project object */;
}
